
Microsoft Visual Studio Solution File, Format Version 12.00
# Visual Studio 15
VisualStudioVersion = 15.0.28010.2026
MinimumVisualStudioVersion = 10.0.40219.1
Project("{FAE04EC0-301F-11D3-BF4B-00C04F79EFBC}") = "Menu", "Menu\Menu.csproj", "{A875A25C-267C-4D6C-98A6-93816FD021B2}"
EndProject
Global
	GlobalSection(SolutionConfigurationPlatforms) = preSolution
		Debug|Any CPU = Debug|Any CPU
		Release|Any CPU = Release|Any CPU
	EndGlobalSection
	GlobalSection(ProjectConfigurationPlatforms) = postSolution
		{A875A25C-267C-4D6C-98A6-93816FD021B2}.Debug|Any CPU.ActiveCfg = Debug|Any CPU
		{A875A25C-267C-4D6C-98A6-93816FD021B2}.Debug|Any CPU.Build.0 = Debug|Any CPU
		{A875A25C-267C-4D6C-98A6-93816FD021B2}.Release|Any CPU.ActiveCfg = Release|Any CPU
		{A875A25C-267C-4D6C-98A6-93816FD021B2}.Release|Any CPU.Build.0 = Release|Any CPU
	EndGlobalSection
	GlobalSection(SolutionProperties) = preSolution
		HideSolutionNode = FALSE
	EndGlobalSection
	GlobalSection(ExtensibilityGlobals) = postSolution
		SolutionGuid = {C68BE4C2-9971-498C-866B-7AAEB1E5FAE5}
	EndGlobalSection
EndGlobal
